
Microsoft Visual Studio Solution File, Format Version 12.00
# Visual Studio Version 16
VisualStudioVersion = 16.0.31729.503
MinimumVisualStudioVersion = 10.0.40219.1
Project("{FAE04EC0-301F-11D3-BF4B-00C04F79EFBC}") = "TocchioMaratonaApp", "TocchioMaratonaApp\TocchioMaratonaApp.csproj", "{6770E48B-C6F0-4D8B-A1CB-A56473CDD0ED}"
EndProject
Global
	GlobalSection(SolutionConfigurationPlatforms) = preSolution
		Debug|Any CPU = Debug|Any CPU
		Release|Any CPU = Release|Any CPU
	EndGlobalSection
	GlobalSection(ProjectConfigurationPlatforms) = postSolution
		{6770E48B-C6F0-4D8B-A1CB-A56473CDD0ED}.Debug|Any CPU.ActiveCfg = Debug|Any CPU
		{6770E48B-C6F0-4D8B-A1CB-A56473CDD0ED}.Debug|Any CPU.Build.0 = Debug|Any CPU
		{6770E48B-C6F0-4D8B-A1CB-A56473CDD0ED}.Release|Any CPU.ActiveCfg = Release|Any CPU
		{6770E48B-C6F0-4D8B-A1CB-A56473CDD0ED}.Release|Any CPU.Build.0 = Release|Any CPU
	EndGlobalSection
	GlobalSection(SolutionProperties) = preSolution
		HideSolutionNode = FALSE
	EndGlobalSection
	GlobalSection(ExtensibilityGlobals) = postSolution
		SolutionGuid = {77E91C8D-BC3E-4CE4-8126-8989E06E36E0}
	EndGlobalSection
EndGlobal
